// !$*UTF8*$!
{
	archiveVersion = 1;
	classes = {
	};
	objectVersion = 56;
	objects = {

/* Begin PBXBuildFile section */
		445F79632AF94B4C007D4998 /* Panda+BigApple.scn in Resources */ = {isa = PBXBuildFile; fileRef = 445F79622AF94B4C007D4998 /* Panda+BigApple.scn */; };
		449745912AF7E8B400BDAE18 /* Panda+Pan.scn in Resources */ = {isa = PBXBuildFile; fileRef = 449745902AF7E8B400BDAE18 /* Panda+Pan.scn */; };
		449745932AF7E8BC00BDAE18 /* Panda+Doll.scn in Resources */ = {isa = PBXBuildFile; fileRef = 449745922AF7E8BC00BDAE18 /* Panda+Doll.scn */; };
		449745952AF7E8D000BDAE18 /* Panda+Bamboo.scn in Resources */ = {isa = PBXBuildFile; fileRef = 449745942AF7E8D000BDAE18 /* Panda+Bamboo.scn */; };
		44A294862AF69A4D00A050AF /* PandaBleat01.caf in Resources */ = {isa = PBXBuildFile; fileRef = 44A294852AF69A4D00A050AF /* PandaBleat01.caf */; };
		44A294882AF7B58400A050AF /* PandaBleat02.caf in Resources */ = {isa = PBXBuildFile; fileRef = 44A294872AF7B58400A050AF /* PandaBleat02.caf */; };
		44A294912AF7D35D00A050AF /* Panda6.mp3 in Resources */ = {isa = PBXBuildFile; fileRef = 44A2948B2AF7D35D00A050AF /* Panda6.mp3 */; };
		44A294922AF7D35D00A050AF /* Panda4.mp3 in Resources */ = {isa = PBXBuildFile; fileRef = 44A2948C2AF7D35D00A050AF /* Panda4.mp3 */; };
		44A294932AF7D35D00A050AF /* Panda8.mp3 in Resources */ = {isa = PBXBuildFile; fileRef = 44A2948D2AF7D35D00A050AF /* Panda8.mp3 */; };
		44A294942AF7D35D00A050AF /* Panda7.mp3 in Resources */ = {isa = PBXBuildFile; fileRef = 44A2948E2AF7D35D00A050AF /* Panda7.mp3 */; };
		44A294952AF7D35D00A050AF /* Panda5.mp3 in Resources */ = {isa = PBXBuildFile; fileRef = 44A2948F2AF7D35D00A050AF /* Panda5.mp3 */; };
		44A294962AF7D35D00A050AF /* Panda3.mp3 in Resources */ = {isa = PBXBuildFile; fileRef = 44A294902AF7D35D00A050AF /* Panda3.mp3 */; };
		44A820542AF535FF00292552 /* AppDelegate.swift in Sources */ = {isa = PBXBuildFile; fileRef = 44A820532AF535FF00292552 /* AppDelegate.swift */; };
		44A820562AF535FF00292552 /* art.scnassets in Resources */ = {isa = PBXBuildFile; fileRef = 44A820552AF535FF00292552 /* art.scnassets */; };
		44A820582AF535FF00292552 /* ViewController.swift in Sources */ = {isa = PBXBuildFile; fileRef = 44A820572AF535FF00292552 /* ViewController.swift */; };
		44A8205B2AF5360000292552 /* Main.storyboard in Resources */ = {isa = PBXBuildFile; fileRef = 44A820592AF5360000292552 /* Main.storyboard */; };
		44A8205D2AF5360100292552 /* Assets.xcassets in Resources */ = {isa = PBXBuildFile; fileRef = 44A8205C2AF5360100292552 /* Assets.xcassets */; };
		44A820602AF5360100292552 /* LaunchScreen.storyboard in Resources */ = {isa = PBXBuildFile; fileRef = 44A8205E2AF5360100292552 /* LaunchScreen.storyboard */; };
/* End PBXBuildFile section */

/* Begin PBXFileReference section */
		445F795E2AF94A10007D4998 /* Panda+BigApple.usdz */ = {isa = PBXFileReference; lastKnownFileType = file.usdz; path = "Panda+BigApple.usdz"; sourceTree = "<group>"; };
		445F79622AF94B4C007D4998 /* Panda+BigApple.scn */ = {isa = PBXFileReference; lastKnownFileType = file.bplist; path = "Panda+BigApple.scn"; sourceTree = "<group>"; };
		4497458A2AF7E88F00BDAE18 /* Panda+Bamboo.usdz */ = {isa = PBXFileReference; lastKnownFileType = file.usdz; path = "Panda+Bamboo.usdz"; sourceTree = "<group>"; };
		4497458B2AF7E89000BDAE18 /* Panda+Doll.usdz */ = {isa = PBXFileReference; lastKnownFileType = file.usdz; path = "Panda+Doll.usdz"; sourceTree = "<group>"; };
		4497458C2AF7E89100BDAE18 /* Panda+Pan.usdz */ = {isa = PBXFileReference; lastKnownFileType = file.usdz; path = "Panda+Pan.usdz"; sourceTree = "<group>"; };
		449745902AF7E8B400BDAE18 /* Panda+Pan.scn */ = {isa = PBXFileReference; lastKnownFileType = file.bplist; path = "Panda+Pan.scn"; sourceTree = "<group>"; };
		449745922AF7E8BC00BDAE18 /* Panda+Doll.scn */ = {isa = PBXFileReference; lastKnownFileType = file.bplist; path = "Panda+Doll.scn"; sourceTree = "<group>"; };
		449745942AF7E8D000BDAE18 /* Panda+Bamboo.scn */ = {isa = PBXFileReference; lastKnownFileType = file.bplist; path = "Panda+Bamboo.scn"; sourceTree = "<group>"; };
		44A2947F2AF6942800A050AF /* RoboPanda4.usdz */ = {isa = PBXFileReference; lastKnownFileType = file.usdz; path = RoboPanda4.usdz; sourceTree = "<group>"; };
		44A294812AF696A900A050AF /* 병행은복예제.mp3 */ = {isa = PBXFileReference; lastKnownFileType = audio.mp3; path = "병행은복예제.mp3"; sourceTree = "<group>"; };
		44A294852AF69A4D00A050AF /* PandaBleat01.caf */ = {isa = PBXFileReference; lastKnownFileType = file; path = PandaBleat01.caf; sourceTree = "<group>"; };
		44A294872AF7B58400A050AF /* PandaBleat02.caf */ = {isa = PBXFileReference; lastKnownFileType = file; path = PandaBleat02.caf; sourceTree = "<group>"; };
		44A2948B2AF7D35D00A050AF /* Panda6.mp3 */ = {isa = PBXFileReference; lastKnownFileType = audio.mp3; path = Panda6.mp3; sourceTree = "<group>"; };
		44A2948C2AF7D35D00A050AF /* Panda4.mp3 */ = {isa = PBXFileReference; lastKnownFileType = audio.mp3; path = Panda4.mp3; sourceTree = "<group>"; };
		44A2948D2AF7D35D00A050AF /* Panda8.mp3 */ = {isa = PBXFileReference; lastKnownFileType = audio.mp3; path = Panda8.mp3; sourceTree = "<group>"; };
		44A2948E2AF7D35D00A050AF /* Panda7.mp3 */ = {isa = PBXFileReference; lastKnownFileType = audio.mp3; path = Panda7.mp3; sourceTree = "<group>"; };
		44A2948F2AF7D35D00A050AF /* Panda5.mp3 */ = {isa = PBXFileReference; lastKnownFileType = audio.mp3; path = Panda5.mp3; sourceTree = "<group>"; };
		44A294902AF7D35D00A050AF /* Panda3.mp3 */ = {isa = PBXFileReference; lastKnownFileType = audio.mp3; path = Panda3.mp3; sourceTree = "<group>"; };
		44A820502AF535FF00292552 /* RoboPanda.app */ = {isa = PBXFileReference; explicitFileType = wrapper.application; includeInIndex = 0; path = RoboPanda.app; sourceTree = BUILT_PRODUCTS_DIR; };
		44A820532AF535FF00292552 /* AppDelegate.swift */ = {isa = PBXFileReference; lastKnownFileType = sourcecode.swift; path = AppDelegate.swift; sourceTree = "<group>"; };
		44A820552AF535FF00292552 /* art.scnassets */ = {isa = PBXFileReference; lastKnownFileType = wrapper.scnassets; path = art.scnassets; sourceTree = "<group>"; };
		44A820572AF535FF00292552 /* ViewController.swift */ = {isa = PBXFileReference; lastKnownFileType = sourcecode.swift; path = ViewController.swift; sourceTree = "<group>"; };
		44A8205A2AF5360000292552 /* Base */ = {isa = PBXFileReference; lastKnownFileType = file.storyboard; name = Base; path = Base.lproj/Main.storyboard; sourceTree = "<group>"; };
		44A8205C2AF5360100292552 /* Assets.xcassets */ = {isa = PBXFileReference; lastKnownFileType = folder.assetcatalog; path = Assets.xcassets; sourceTree = "<group>"; };
		44A8205F2AF5360100292552 /* Base */ = {isa = PBXFileReference; lastKnownFileType = file.storyboard; name = Base; path = Base.lproj/LaunchScreen.storyboard; sourceTree = "<group>"; };
		44A820662AF536B100292552 /* RoboPanda1.usdz */ = {isa = PBXFileReference; lastKnownFileType = file.usdz; path = RoboPanda1.usdz; sourceTree = "<group>"; };
		44DDCAC82AF536FF006800CD /* RoboPanda1.scn */ = {isa = PBXFileReference; lastKnownFileType = file.bplist; path = RoboPanda1.scn; sourceTree = "<group>"; };
		44DDCACA2AF5428B006800CD /* RoboPanda2.usdz */ = {isa = PBXFileReference; lastKnownFileType = file.usdz; path = RoboPanda2.usdz; sourceTree = "<group>"; };
		44DDCACC2AF54292006800CD /* RoboPanda2.scn */ = {isa = PBXFileReference; lastKnownFileType = file.bplist; path = RoboPanda2.scn; sourceTree = "<group>"; };
/* End PBXFileReference section */

/* Begin PBXFrameworksBuildPhase section */
		44A8204D2AF535FF00292552 /* Frameworks */ = {
			isa = PBXFrameworksBuildPhase;
			buildActionMask = 2147483647;
			files = (
			);
			runOnlyForDeploymentPostprocessing = 0;
		};
/* End PBXFrameworksBuildPhase section */

/* Begin PBXGroup section */
		4497457F2AF7DE8A00BDAE18 /* SCN */ = {
			isa = PBXGroup;
			children = (
				449745942AF7E8D000BDAE18 /* Panda+Bamboo.scn */,
				449745922AF7E8BC00BDAE18 /* Panda+Doll.scn */,
				449745902AF7E8B400BDAE18 /* Panda+Pan.scn */,
				445F79622AF94B4C007D4998 /* Panda+BigApple.scn */,
			);
			path = SCN;
			sourceTree = "<group>";
		};
		44A294892AF7D33500A050AF /* Resource */ = {
			isa = PBXGroup;
			children = (
				4497457F2AF7DE8A00BDAE18 /* SCN */,
				44A294982AF7DE2400A050AF /* USDZ */,
				44A294972AF7DE0700A050AF /* Unused */,
				44A2948A2AF7D34600A050AF /* Sound */,
			);
			path = Resource;
			sourceTree = "<group>";
		};
		44A2948A2AF7D34600A050AF /* Sound */ = {
			isa = PBXGroup;
			children = (
				44A294852AF69A4D00A050AF /* PandaBleat01.caf */,
				44A294872AF7B58400A050AF /* PandaBleat02.caf */,
				44A294902AF7D35D00A050AF /* Panda3.mp3 */,
				44A2948C2AF7D35D00A050AF /* Panda4.mp3 */,
				44A2948F2AF7D35D00A050AF /* Panda5.mp3 */,
				44A2948B2AF7D35D00A050AF /* Panda6.mp3 */,
				44A2948E2AF7D35D00A050AF /* Panda7.mp3 */,
				44A2948D2AF7D35D00A050AF /* Panda8.mp3 */,
			);
			path = Sound;
			sourceTree = "<group>";
		};
		44A294972AF7DE0700A050AF /* Unused */ = {
			isa = PBXGroup;
			children = (
				44A294812AF696A900A050AF /* 병행은복예제.mp3 */,
				44A820662AF536B100292552 /* RoboPanda1.usdz */,
				44DDCAC82AF536FF006800CD /* RoboPanda1.scn */,
				44DDCACA2AF5428B006800CD /* RoboPanda2.usdz */,
				44DDCACC2AF54292006800CD /* RoboPanda2.scn */,
				44A2947F2AF6942800A050AF /* RoboPanda4.usdz */,
			);
			path = Unused;
			sourceTree = "<group>";
		};
		44A294982AF7DE2400A050AF /* USDZ */ = {
			isa = PBXGroup;
			children = (
				4497458A2AF7E88F00BDAE18 /* Panda+Bamboo.usdz */,
				4497458B2AF7E89000BDAE18 /* Panda+Doll.usdz */,
				4497458C2AF7E89100BDAE18 /* Panda+Pan.usdz */,
				445F795E2AF94A10007D4998 /* Panda+BigApple.usdz */,
			);
			path = USDZ;
			sourceTree = "<group>";
		};
		44A820472AF535FF00292552 = {
			isa = PBXGroup;
			children = (
				44A820522AF535FF00292552 /* RoboPanda */,
				44A820512AF535FF00292552 /* Products */,
			);
			sourceTree = "<group>";
		};
		44A820512AF535FF00292552 /* Products */ = {
			isa = PBXGroup;
			children = (
				44A820502AF535FF00292552 /* RoboPanda.app */,
			);
			name = Products;
			sourceTree = "<group>";
		};
		44A820522AF535FF00292552 /* RoboPanda */ = {
			isa = PBXGroup;
			children = (
				44A294892AF7D33500A050AF /* Resource */,
				44A820532AF535FF00292552 /* AppDelegate.swift */,
				44A820552AF535FF00292552 /* art.scnassets */,
				44A820572AF535FF00292552 /* ViewController.swift */,
				44A820592AF5360000292552 /* Main.storyboard */,
				44A8205C2AF5360100292552 /* Assets.xcassets */,
				44A8205E2AF5360100292552 /* LaunchScreen.storyboard */,
			);
			path = RoboPanda;
			sourceTree = "<group>";
		};
/* End PBXGroup section */

/* Begin PBXNativeTarget section */
		44A8204F2AF535FF00292552 /* RoboPanda */ = {
			isa = PBXNativeTarget;
			buildConfigurationList = 44A820632AF5360100292552 /* Build configuration list for PBXNativeTarget "RoboPanda" */;
			buildPhases = (
				44A8204C2AF535FF00292552 /* Sources */,
				44A8204D2AF535FF00292552 /* Frameworks */,
				44A8204E2AF535FF00292552 /* Resources */,
			);
			buildRules = (
			);
			dependencies = (
			);
			name = RoboPanda;
			productName = RoboPanda;
			productReference = 44A820502AF535FF00292552 /* RoboPanda.app */;
			productType = "com.apple.product-type.application";
		};
/* End PBXNativeTarget section */

/* Begin PBXProject section */
		44A820482AF535FF00292552 /* Project object */ = {
			isa = PBXProject;
			attributes = {
				BuildIndependentTargetsInParallel = 1;
				LastSwiftUpdateCheck = 1510;
				LastUpgradeCheck = 1510;
				TargetAttributes = {
					44A8204F2AF535FF00292552 = {
						CreatedOnToolsVersion = 15.1;
					};
				};
			};
			buildConfigurationList = 44A8204B2AF535FF00292552 /* Build configuration list for PBXProject "RoboPanda" */;
			compatibilityVersion = "Xcode 14.0";
			developmentRegion = en;
			hasScannedForEncodings = 0;
			knownRegions = (
				en,
				Base,
			);
			mainGroup = 44A820472AF535FF00292552;
			productRefGroup = 44A820512AF535FF00292552 /* Products */;
			projectDirPath = "";
			projectRoot = "";
			targets = (
				44A8204F2AF535FF00292552 /* RoboPanda */,
			);
		};
/* End PBXProject section */

/* Begin PBXResourcesBuildPhase section */
		44A8204E2AF535FF00292552 /* Resources */ = {
			isa = PBXResourcesBuildPhase;
			buildActionMask = 2147483647;
			files = (
				44A294932AF7D35D00A050AF /* Panda8.mp3 in Resources */,
				449745952AF7E8D000BDAE18 /* Panda+Bamboo.scn in Resources */,
				44A294922AF7D35D00A050AF /* Panda4.mp3 in Resources */,
				44A294952AF7D35D00A050AF /* Panda5.mp3 in Resources */,
				44A820562AF535FF00292552 /* art.scnassets in Resources */,
				44A294912AF7D35D00A050AF /* Panda6.mp3 in Resources */,
				44A820602AF5360100292552 /* LaunchScreen.storyboard in Resources */,
				44A294862AF69A4D00A050AF /* PandaBleat01.caf in Resources */,
				44A294942AF7D35D00A050AF /* Panda7.mp3 in Resources */,
				449745912AF7E8B400BDAE18 /* Panda+Pan.scn in Resources */,
				449745932AF7E8BC00BDAE18 /* Panda+Doll.scn in Resources */,
				445F79632AF94B4C007D4998 /* Panda+BigApple.scn in Resources */,
				44A294882AF7B58400A050AF /* PandaBleat02.caf in Resources */,
				44A294962AF7D35D00A050AF /* Panda3.mp3 in Resources */,
				44A8205D2AF5360100292552 /* Assets.xcassets in Resources */,
				44A8205B2AF5360000292552 /* Main.storyboard in Resources */,
			);
			runOnlyForDeploymentPostprocessing = 0;
		};
/* End PBXResourcesBuildPhase section */

/* Begin PBXSourcesBuildPhase section */
		44A8204C2AF535FF00292552 /* Sources */ = {
			isa = PBXSourcesBuildPhase;
			buildActionMask = 2147483647;
			files = (
				44A820582AF535FF00292552 /* ViewController.swift in Sources */,
				44A820542AF535FF00292552 /* AppDelegate.swift in Sources */,
			);
			runOnlyForDeploymentPostprocessing = 0;
		};
/* End PBXSourcesBuildPhase section */

/* Begin PBXVariantGroup section */
		44A820592AF5360000292552 /* Main.storyboard */ = {
			isa = PBXVariantGroup;
			children = (
				44A8205A2AF5360000292552 /* Base */,
			);
			name = Main.storyboard;
			sourceTree = "<group>";
		};
		44A8205E2AF5360100292552 /* LaunchScreen.storyboard */ = {
			isa = PBXVariantGroup;
			children = (
				44A8205F2AF5360100292552 /* Base */,
			);
			name = LaunchScreen.storyboard;
			sourceTree = "<group>";
		};
/* End PBXVariantGroup section */

/* Begin XCBuildConfiguration section */
		44A820612AF5360100292552 /* Debug */ = {
			isa = XCBuildConfiguration;
			buildSettings = {
				ALWAYS_SEARCH_USER_PATHS = NO;
				ASSETCATALOG_COMPILER_GENERATE_SWIFT_ASSET_SYMBOL_EXTENSIONS = YES;
				CLANG_ANALYZER_NONNULL = YES;
				CLANG_ANALYZER_NUMBER_OBJECT_CONVERSION = YES_AGGRESSIVE;
				CLANG_CXX_LANGUAGE_STANDARD = "gnu++20";
				CLANG_ENABLE_MODULES = YES;
				CLANG_ENABLE_OBJC_ARC = YES;
				CLANG_ENABLE_OBJC_WEAK = YES;
				CLANG_WARN_BLOCK_CAPTURE_AUTORELEASING = YES;
				CLANG_WARN_BOOL_CONVERSION = YES;
				CLANG_WARN_COMMA = YES;
				CLANG_WARN_CONSTANT_CONVERSION = YES;
				CLANG_WARN_DEPRECATED_OBJC_IMPLEMENTATIONS = YES;
				CLANG_WARN_DIRECT_OBJC_ISA_USAGE = YES_ERROR;
				CLANG_WARN_DOCUMENTATION_COMMENTS = YES;
				CLANG_WARN_EMPTY_BODY = YES;
				CLANG_WARN_ENUM_CONVERSION = YES;
				CLANG_WARN_INFINITE_RECURSION = YES;
				CLANG_WARN_INT_CONVERSION = YES;
				CLANG_WARN_NON_LITERAL_NULL_CONVERSION = YES;
				CLANG_WARN_OBJC_IMPLICIT_RETAIN_SELF = YES;
				CLANG_WARN_OBJC_LITERAL_CONVERSION = YES;
				CLANG_WARN_OBJC_ROOT_CLASS = YES_ERROR;
				CLANG_WARN_QUOTED_INCLUDE_IN_FRAMEWORK_HEADER = YES;
				CLANG_WARN_RANGE_LOOP_ANALYSIS = YES;
				CLANG_WARN_STRICT_PROTOTYPES = YES;
				CLANG_WARN_SUSPICIOUS_MOVE = YES;
				CLANG_WARN_UNGUARDED_AVAILABILITY = YES_AGGRESSIVE;
				CLANG_WARN_UNREACHABLE_CODE = YES;
				CLANG_WARN__DUPLICATE_METHOD_MATCH = YES;
				COPY_PHASE_STRIP = NO;
				DEBUG_INFORMATION_FORMAT = dwarf;
				ENABLE_STRICT_OBJC_MSGSEND = YES;
				ENABLE_TESTABILITY = YES;
				ENABLE_USER_SCRIPT_SANDBOXING = YES;
				GCC_C_LANGUAGE_STANDARD = gnu17;
				GCC_DYNAMIC_NO_PIC = NO;
				GCC_NO_COMMON_BLOCKS = YES;
				GCC_OPTIMIZATION_LEVEL = 0;
				GCC_PREPROCESSOR_DEFINITIONS = (
					"DEBUG=1",
					"$(inherited)",
				);
				GCC_WARN_64_TO_32_BIT_CONVERSION = YES;
				GCC_WARN_ABOUT_RETURN_TYPE = YES_ERROR;
				GCC_WARN_UNDECLARED_SELECTOR = YES;
				GCC_WARN_UNINITIALIZED_AUTOS = YES_AGGRESSIVE;
				GCC_WARN_UNUSED_FUNCTION = YES;
				GCC_WARN_UNUSED_VARIABLE = YES;
				IPHONEOS_DEPLOYMENT_TARGET = 17.2;
				LOCALIZATION_PREFERS_STRING_CATALOGS = YES;
				MTL_ENABLE_DEBUG_INFO = INCLUDE_SOURCE;
				MTL_FAST_MATH = YES;
				ONLY_ACTIVE_ARCH = YES;
				SDKROOT = iphoneos;
				SWIFT_ACTIVE_COMPILATION_CONDITIONS = "DEBUG $(inherited)";
				SWIFT_OPTIMIZATION_LEVEL = "-Onone";
			};
			name = Debug;
		};
		44A820622AF5360100292552 /* Release */ = {
			isa = XCBuildConfiguration;
			buildSettings = {
				ALWAYS_SEARCH_USER_PATHS = NO;
				ASSETCATALOG_COMPILER_GENERATE_SWIFT_ASSET_SYMBOL_EXTENSIONS = YES;
				CLANG_ANALYZER_NONNULL = YES;
				CLANG_ANALYZER_NUMBER_OBJECT_CONVERSION = YES_AGGRESSIVE;
				CLANG_CXX_LANGUAGE_STANDARD = "gnu++20";
				CLANG_ENABLE_MODULES = YES;
				CLANG_ENABLE_OBJC_ARC = YES;
				CLANG_ENABLE_OBJC_WEAK = YES;
				CLANG_WARN_BLOCK_CAPTURE_AUTORELEASING = YES;
				CLANG_WARN_BOOL_CONVERSION = YES;
				CLANG_WARN_COMMA = YES;
				CLANG_WARN_CONSTANT_CONVERSION = YES;
				CLANG_WARN_DEPRECATED_OBJC_IMPLEMENTATIONS = YES;
				CLANG_WARN_DIRECT_OBJC_ISA_USAGE = YES_ERROR;
				CLANG_WARN_DOCUMENTATION_COMMENTS = YES;
				CLANG_WARN_EMPTY_BODY = YES;
				CLANG_WARN_ENUM_CONVERSION = YES;
				CLANG_WARN_INFINITE_RECURSION = YES;
				CLANG_WARN_INT_CONVERSION = YES;
				CLANG_WARN_NON_LITERAL_NULL_CONVERSION = YES;
				CLANG_WARN_OBJC_IMPLICIT_RETAIN_SELF = YES;
				CLANG_WARN_OBJC_LITERAL_CONVERSION = YES;
				CLANG_WARN_OBJC_ROOT_CLASS = YES_ERROR;
				CLANG_WARN_QUOTED_INCLUDE_IN_FRAMEWORK_HEADER = YES;
				CLANG_WARN_RANGE_LOOP_ANALYSIS = YES;
				CLANG_WARN_STRICT_PROTOTYPES = YES;
				CLANG_WARN_SUSPICIOUS_MOVE = YES;
				CLANG_WARN_UNGUARDED_AVAILABILITY = YES_AGGRESSIVE;
				CLANG_WARN_UNREACHABLE_CODE = YES;
				CLANG_WARN__DUPLICATE_METHOD_MATCH = YES;
				COPY_PHASE_STRIP = NO;
				DEBUG_INFORMATION_FORMAT = "dwarf-with-dsym";
				ENABLE_NS_ASSERTIONS = NO;
				ENABLE_STRICT_OBJC_MSGSEND = YES;
				ENABLE_USER_SCRIPT_SANDBOXING = YES;
				GCC_C_LANGUAGE_STANDARD = gnu17;
				GCC_NO_COMMON_BLOCKS = YES;
				GCC_WARN_64_TO_32_BIT_CONVERSION = YES;
				GCC_WARN_ABOUT_RETURN_TYPE = YES_ERROR;
				GCC_WARN_UNDECLARED_SELECTOR = YES;
				GCC_WARN_UNINITIALIZED_AUTOS = YES_AGGRESSIVE;
				GCC_WARN_UNUSED_FUNCTION = YES;
				GCC_WARN_UNUSED_VARIABLE = YES;
				IPHONEOS_DEPLOYMENT_TARGET = 17.2;
				LOCALIZATION_PREFERS_STRING_CATALOGS = YES;
				MTL_ENABLE_DEBUG_INFO = NO;
				MTL_FAST_MATH = YES;
				SDKROOT = iphoneos;
				SWIFT_COMPILATION_MODE = wholemodule;
				VALIDATE_PRODUCT = YES;
			};
			name = Release;
		};
		44A820642AF5360100292552 /* Debug */ = {
			isa = XCBuildConfiguration;
			buildSettings = {
				ASSETCATALOG_COMPILER_APPICON_NAME = AppIcon;
				ASSETCATALOG_COMPILER_GLOBAL_ACCENT_COLOR_NAME = AccentColor;
				CODE_SIGN_STYLE = Automatic;
				CURRENT_PROJECT_VERSION = 1;
				DEVELOPMENT_TEAM = 6S2SA26VAN;
				GENERATE_INFOPLIST_FILE = YES;
				INFOPLIST_KEY_NSCameraUsageDescription = "";
				INFOPLIST_KEY_UIApplicationSupportsIndirectInputEvents = YES;
				INFOPLIST_KEY_UILaunchStoryboardName = LaunchScreen;
				INFOPLIST_KEY_UIMainStoryboardFile = Main;
				INFOPLIST_KEY_UIRequiredDeviceCapabilities = arkit;
				INFOPLIST_KEY_UIStatusBarHidden = YES;
				INFOPLIST_KEY_UISupportedInterfaceOrientations_iPad = "UIInterfaceOrientationPortrait UIInterfaceOrientationPortraitUpsideDown UIInterfaceOrientationLandscapeLeft UIInterfaceOrientationLandscapeRight";
				INFOPLIST_KEY_UISupportedInterfaceOrientations_iPhone = "UIInterfaceOrientationPortrait UIInterfaceOrientationLandscapeLeft UIInterfaceOrientationLandscapeRight";
				IPHONEOS_DEPLOYMENT_TARGET = 16.0;
				LD_RUNPATH_SEARCH_PATHS = (
					"$(inherited)",
					"@executable_path/Frameworks",
				);
				MARKETING_VERSION = 1.0;
				PRODUCT_BUNDLE_IDENTIFIER = com.bgsmm.beta.RoboPanda;
				PRODUCT_NAME = "$(TARGET_NAME)";
				SUPPORTED_PLATFORMS = "iphoneos iphonesimulator";
				SUPPORTS_MACCATALYST = NO;
				SUPPORTS_MAC_DESIGNED_FOR_IPHONE_IPAD = NO;
				SWIFT_EMIT_LOC_STRINGS = YES;
				SWIFT_VERSION = 5.0;
				TARGETED_DEVICE_FAMILY = "1,2";
			};
			name = Debug;
		};
		44A820652AF5360100292552 /* Release */ = {
			isa = XCBuildConfiguration;
			buildSettings = {
				ASSETCATALOG_COMPILER_APPICON_NAME = AppIcon;
				ASSETCATALOG_COMPILER_GLOBAL_ACCENT_COLOR_NAME = AccentColor;
				CODE_SIGN_STYLE = Automatic;
				CURRENT_PROJECT_VERSION = 1;
				DEVELOPMENT_TEAM = 6S2SA26VAN;
				GENERATE_INFOPLIST_FILE = YES;
				INFOPLIST_KEY_NSCameraUsageDescription = "";
				INFOPLIST_KEY_UIApplicationSupportsIndirectInputEvents = YES;
				INFOPLIST_KEY_UILaunchStoryboardName = LaunchScreen;
				INFOPLIST_KEY_UIMainStoryboardFile = Main;
				INFOPLIST_KEY_UIRequiredDeviceCapabilities = arkit;
				INFOPLIST_KEY_UIStatusBarHidden = YES;
				INFOPLIST_KEY_UISupportedInterfaceOrientations_iPad = "UIInterfaceOrientationPortrait UIInterfaceOrientationPortraitUpsideDown UIInterfaceOrientationLandscapeLeft UIInterfaceOrientationLandscapeRight";
				INFOPLIST_KEY_UISupportedInterfaceOrientations_iPhone = "UIInterfaceOrientationPortrait UIInterfaceOrientationLandscapeLeft UIInterfaceOrientationLandscapeRight";
				IPHONEOS_DEPLOYMENT_TARGET = 16.0;
				LD_RUNPATH_SEARCH_PATHS = (
					"$(inherited)",
					"@executable_path/Frameworks",
				);
				MARKETING_VERSION = 1.0;
				PRODUCT_BUNDLE_IDENTIFIER = com.bgsmm.beta.RoboPanda;
				PRODUCT_NAME = "$(TARGET_NAME)";
				SUPPORTED_PLATFORMS = "iphoneos iphonesimulator";
				SUPPORTS_MACCATALYST = NO;
				SUPPORTS_MAC_DESIGNED_FOR_IPHONE_IPAD = NO;
				SWIFT_EMIT_LOC_STRINGS = YES;
				SWIFT_VERSION = 5.0;
				TARGETED_DEVICE_FAMILY = "1,2";
			};
			name = Release;
		};
/* End XCBuildConfiguration section */

/* Begin XCConfigurationList section */
		44A8204B2AF535FF00292552 /* Build configuration list for PBXProject "RoboPanda" */ = {
			isa = XCConfigurationList;
			buildConfigurations = (
				44A820612AF5360100292552 /* Debug */,
				44A820622AF5360100292552 /* Release */,
			);
			defaultConfigurationIsVisible = 0;
			defaultConfigurationName = Release;
		};
		44A820632AF5360100292552 /* Build configuration list for PBXNativeTarget "RoboPanda" */ = {
			isa = XCConfigurationList;
			buildConfigurations = (
				44A820642AF5360100292552 /* Debug */,
				44A820652AF5360100292552 /* Release */,
			);
			defaultConfigurationIsVisible = 0;
			defaultConfigurationName = Release;
		};
/* End XCConfigurationList section */
	};
	rootObject = 44A820482AF535FF00292552 /* Project object */;
}
